
Microsoft Visual Studio Solution File, Format Version 12.00
# Visual Studio Version 16
VisualStudioVersion = 16.0.28902.138
MinimumVisualStudioVersion = 10.0.40219.1
Project("{FAE04EC0-301F-11D3-BF4B-00C04F79EFBC}") = "AESWPF", "AESWPF\AESWPF.csproj", "{4529D4F4-0175-4CB6-BF08-92FE4600B7F3}"
EndProject
Global
	GlobalSection(SolutionConfigurationPlatforms) = preSolution
		Debug|Any CPU = Debug|Any CPU
		Release|Any CPU = Release|Any CPU
	EndGlobalSection
	GlobalSection(ProjectConfigurationPlatforms) = postSolution
		{4529D4F4-0175-4CB6-BF08-92FE4600B7F3}.Debug|Any CPU.ActiveCfg = Debug|Any CPU
		{4529D4F4-0175-4CB6-BF08-92FE4600B7F3}.Debug|Any CPU.Build.0 = Debug|Any CPU
		{4529D4F4-0175-4CB6-BF08-92FE4600B7F3}.Release|Any CPU.ActiveCfg = Release|Any CPU
		{4529D4F4-0175-4CB6-BF08-92FE4600B7F3}.Release|Any CPU.Build.0 = Release|Any CPU
	EndGlobalSection
	GlobalSection(SolutionProperties) = preSolution
		HideSolutionNode = FALSE
	EndGlobalSection
	GlobalSection(ExtensibilityGlobals) = postSolution
		SolutionGuid = {A5F7EDCB-1C70-4292-9B93-D2CC8A56E8F4}
	EndGlobalSection
EndGlobal
